
Microsoft Visual Studio Solution File, Format Version 12.00
# Visual Studio 14
VisualStudioVersion = 14.0.25420.1
MinimumVisualStudioVersion = 10.0.40219.1
Project("{D954291E-2A0B-460D-934E-DC6B0785DB48}") = "TG_Missions", "TG_Missions.shproj", "{70D0AB15-4038-4977-B006-FED48B4FF67A}"
EndProject
Global
	GlobalSection(SharedMSBuildProjectFiles) = preSolution
		TG_Missions.projitems*{70d0ab15-4038-4977-b006-fed48b4ff67a}*SharedItemsImports = 13
	EndGlobalSection
	GlobalSection(SolutionProperties) = preSolution
		HideSolutionNode = FALSE
	EndGlobalSection
EndGlobal
